
Microsoft Visual Studio Solution File, Format Version 11.00
# Visual Studio 2010
Project("{FAE04EC0-301F-11D3-BF4B-00C04F79EFBC}") = "CavanGaelsCarRentals", "CavanGaelsCarRentals\CavanGaelsCarRentals.csproj", "{BE650D38-1E78-4C10-9E8A-B8AA90D2560D}"
EndProject
Project("{FAE04EC0-301F-11D3-BF4B-00C04F79EFBC}") = "BusinessLogic", "BusinessLogic\BusinessLogic.csproj", "{9E1E05A3-AC52-4C26-8472-6F2E42BFE8C1}"
EndProject
Project("{FAE04EC0-301F-11D3-BF4B-00C04F79EFBC}") = "Test1", "Test1\Test1.csproj", "{A9937E00-A1F7-46E9-9DEF-469E214084CF}"
EndProject
Global
	GlobalSection(SolutionConfigurationPlatforms) = preSolution
		Debug|Any CPU = Debug|Any CPU
		Release|Any CPU = Release|Any CPU
	EndGlobalSection
	GlobalSection(ProjectConfigurationPlatforms) = postSolution
		{BE650D38-1E78-4C10-9E8A-B8AA90D2560D}.Debug|Any CPU.ActiveCfg = Debug|Any CPU
		{BE650D38-1E78-4C10-9E8A-B8AA90D2560D}.Debug|Any CPU.Build.0 = Debug|Any CPU
		{BE650D38-1E78-4C10-9E8A-B8AA90D2560D}.Release|Any CPU.ActiveCfg = Release|Any CPU
		{BE650D38-1E78-4C10-9E8A-B8AA90D2560D}.Release|Any CPU.Build.0 = Release|Any CPU
		{9E1E05A3-AC52-4C26-8472-6F2E42BFE8C1}.Debug|Any CPU.ActiveCfg = Debug|Any CPU
		{9E1E05A3-AC52-4C26-8472-6F2E42BFE8C1}.Debug|Any CPU.Build.0 = Debug|Any CPU
		{9E1E05A3-AC52-4C26-8472-6F2E42BFE8C1}.Release|Any CPU.ActiveCfg = Release|Any CPU
		{9E1E05A3-AC52-4C26-8472-6F2E42BFE8C1}.Release|Any CPU.Build.0 = Release|Any CPU
		{A9937E00-A1F7-46E9-9DEF-469E214084CF}.Debug|Any CPU.ActiveCfg = Debug|Any CPU
		{A9937E00-A1F7-46E9-9DEF-469E214084CF}.Debug|Any CPU.Build.0 = Debug|Any CPU
		{A9937E00-A1F7-46E9-9DEF-469E214084CF}.Release|Any CPU.ActiveCfg = Release|Any CPU
		{A9937E00-A1F7-46E9-9DEF-469E214084CF}.Release|Any CPU.Build.0 = Release|Any CPU
	EndGlobalSection
	GlobalSection(SolutionProperties) = preSolution
		HideSolutionNode = FALSE
	EndGlobalSection
EndGlobal
