
Microsoft Visual Studio Solution File, Format Version 11.00
# Visual Studio 2010
Project("{FAE04EC0-301F-11D3-BF4B-00C04F79EFBC}") = "CavanGaelsCarRentals", "CavanGaelsCarRentals\CavanGaelsCarRentals.csproj", "{BE650D38-1E78-4C10-9E8A-B8AA90D2560D}"
EndProject
Project("{2150E333-8FDC-42A3-9474-1A3956D46DE8}") = "Solution Items", "Solution Items", "{5310D528-0938-49A1-A6D1-74EEEDC3E75B}"
	ProjectSection(SolutionItems) = preProject
		CavanGaelsCarRentals.vsmdi = CavanGaelsCarRentals.vsmdi
		Local.testsettings = Local.testsettings
		TraceAndTestImpact.testsettings = TraceAndTestImpact.testsettings
	EndProjectSection
EndProject
Project("{FAE04EC0-301F-11D3-BF4B-00C04F79EFBC}") = "Tests", "Tests\Tests.csproj", "{CFDCD268-5EA1-4353-99D4-56BDA194EF48}"
EndProject
Global
	GlobalSection(TestCaseManagementSettings) = postSolution
		CategoryFile = CavanGaelsCarRentals.vsmdi
	EndGlobalSection
	GlobalSection(SolutionConfigurationPlatforms) = preSolution
		Debug|Any CPU = Debug|Any CPU
		Release|Any CPU = Release|Any CPU
	EndGlobalSection
	GlobalSection(ProjectConfigurationPlatforms) = postSolution
		{BE650D38-1E78-4C10-9E8A-B8AA90D2560D}.Debug|Any CPU.ActiveCfg = Debug|Any CPU
		{BE650D38-1E78-4C10-9E8A-B8AA90D2560D}.Debug|Any CPU.Build.0 = Debug|Any CPU
		{BE650D38-1E78-4C10-9E8A-B8AA90D2560D}.Release|Any CPU.ActiveCfg = Release|Any CPU
		{BE650D38-1E78-4C10-9E8A-B8AA90D2560D}.Release|Any CPU.Build.0 = Release|Any CPU
		{CFDCD268-5EA1-4353-99D4-56BDA194EF48}.Debug|Any CPU.ActiveCfg = Debug|Any CPU
		{CFDCD268-5EA1-4353-99D4-56BDA194EF48}.Debug|Any CPU.Build.0 = Debug|Any CPU
		{CFDCD268-5EA1-4353-99D4-56BDA194EF48}.Release|Any CPU.ActiveCfg = Release|Any CPU
		{CFDCD268-5EA1-4353-99D4-56BDA194EF48}.Release|Any CPU.Build.0 = Release|Any CPU
	EndGlobalSection
	GlobalSection(SolutionProperties) = preSolution
		HideSolutionNode = FALSE
	EndGlobalSection
EndGlobal
